
Microsoft Visual Studio Solution File, Format Version 12.00
# Visual Studio Version 16
VisualStudioVersion = 16.0.31702.278
MinimumVisualStudioVersion = 10.0.40219.1
Project("{8BC9CEB8-8B4A-11D0-8D11-00A0C91BC942}") = "Lab_5(2s)", "Lab_5(2s)\Lab_5(2s).vcxproj", "{874A8C8A-4C7C-4CDC-B7FE-09160A796CC6}"
EndProject
Global
	GlobalSection(SolutionConfigurationPlatforms) = preSolution
		Debug|x64 = Debug|x64
		Debug|x86 = Debug|x86
		Release|x64 = Release|x64
		Release|x86 = Release|x86
	EndGlobalSection
	GlobalSection(ProjectConfigurationPlatforms) = postSolution
		{874A8C8A-4C7C-4CDC-B7FE-09160A796CC6}.Debug|x64.ActiveCfg = Debug|x64
		{874A8C8A-4C7C-4CDC-B7FE-09160A796CC6}.Debug|x64.Build.0 = Debug|x64
		{874A8C8A-4C7C-4CDC-B7FE-09160A796CC6}.Debug|x86.ActiveCfg = Debug|Win32
		{874A8C8A-4C7C-4CDC-B7FE-09160A796CC6}.Debug|x86.Build.0 = Debug|Win32
		{874A8C8A-4C7C-4CDC-B7FE-09160A796CC6}.Release|x64.ActiveCfg = Release|x64
		{874A8C8A-4C7C-4CDC-B7FE-09160A796CC6}.Release|x64.Build.0 = Release|x64
		{874A8C8A-4C7C-4CDC-B7FE-09160A796CC6}.Release|x86.ActiveCfg = Release|Win32
		{874A8C8A-4C7C-4CDC-B7FE-09160A796CC6}.Release|x86.Build.0 = Release|Win32
	EndGlobalSection
	GlobalSection(SolutionProperties) = preSolution
		HideSolutionNode = FALSE
	EndGlobalSection
	GlobalSection(ExtensibilityGlobals) = postSolution
		SolutionGuid = {46308DB3-7CCE-44C9-9D79-2A1781576DC4}
	EndGlobalSection
EndGlobal
