
Microsoft Visual Studio Solution File, Format Version 12.00
# Visual Studio Version 16
VisualStudioVersion = 16.0.31702.278
MinimumVisualStudioVersion = 10.0.40219.1
Project("{8BC9CEB8-8B4A-11D0-8D11-00A0C91BC942}") = "Lab_9(2s)", "Lab_9(2s)\Lab_9(2s).vcxproj", "{A825FBF8-C09F-450E-BD4D-6898638132AD}"
EndProject
Global
	GlobalSection(SolutionConfigurationPlatforms) = preSolution
		Debug|x64 = Debug|x64
		Debug|x86 = Debug|x86
		Release|x64 = Release|x64
		Release|x86 = Release|x86
	EndGlobalSection
	GlobalSection(ProjectConfigurationPlatforms) = postSolution
		{A825FBF8-C09F-450E-BD4D-6898638132AD}.Debug|x64.ActiveCfg = Debug|x64
		{A825FBF8-C09F-450E-BD4D-6898638132AD}.Debug|x64.Build.0 = Debug|x64
		{A825FBF8-C09F-450E-BD4D-6898638132AD}.Debug|x86.ActiveCfg = Debug|Win32
		{A825FBF8-C09F-450E-BD4D-6898638132AD}.Debug|x86.Build.0 = Debug|Win32
		{A825FBF8-C09F-450E-BD4D-6898638132AD}.Release|x64.ActiveCfg = Release|x64
		{A825FBF8-C09F-450E-BD4D-6898638132AD}.Release|x64.Build.0 = Release|x64
		{A825FBF8-C09F-450E-BD4D-6898638132AD}.Release|x86.ActiveCfg = Release|Win32
		{A825FBF8-C09F-450E-BD4D-6898638132AD}.Release|x86.Build.0 = Release|Win32
	EndGlobalSection
	GlobalSection(SolutionProperties) = preSolution
		HideSolutionNode = FALSE
	EndGlobalSection
	GlobalSection(ExtensibilityGlobals) = postSolution
		SolutionGuid = {95F08705-A9B7-4067-8E5C-0F39423D3324}
	EndGlobalSection
EndGlobal
